// !$*UTF8*$!
{
	archiveVersion = 1;
	classes = {
	};
	objectVersion = 56;
	objects = {

/* Begin PBXBuildFile section */
		CB9BB38929ED65820075F06F /* ShoppingListApp.swift in Sources */ = {isa = PBXBuildFile; fileRef = CB9BB38829ED65820075F06F /* ShoppingListApp.swift */; };
		CB9BB38B29ED65820075F06F /* ContentView.swift in Sources */ = {isa = PBXBuildFile; fileRef = CB9BB38A29ED65820075F06F /* ContentView.swift */; };
		CB9BB38D29ED65830075F06F /* Assets.xcassets in Resources */ = {isa = PBXBuildFile; fileRef = CB9BB38C29ED65830075F06F /* Assets.xcassets */; };
		CB9BB39029ED65830075F06F /* Preview Assets.xcassets in Resources */ = {isa = PBXBuildFile; fileRef = CB9BB38F29ED65830075F06F /* Preview Assets.xcassets */; };
		CB9BB39A29ED65830075F06F /* ShoppingListTests.swift in Sources */ = {isa = PBXBuildFile; fileRef = CB9BB39929ED65830075F06F /* ShoppingListTests.swift */; };
		CB9BB3A429ED65830075F06F /* ShoppingListUITests.swift in Sources */ = {isa = PBXBuildFile; fileRef = CB9BB3A329ED65830075F06F /* ShoppingListUITests.swift */; };
		CB9BB3A629ED65830075F06F /* ShoppingListUITestsLaunchTests.swift in Sources */ = {isa = PBXBuildFile; fileRef = CB9BB3A529ED65830075F06F /* ShoppingListUITestsLaunchTests.swift */; };
		CB9BB3B429ED68770075F06F /* FirebaseAuth in Frameworks */ = {isa = PBXBuildFile; productRef = CB9BB3B329ED68770075F06F /* FirebaseAuth */; };
		CB9BB3B629ED68770075F06F /* FirebaseFirestore in Frameworks */ = {isa = PBXBuildFile; productRef = CB9BB3B529ED68770075F06F /* FirebaseFirestore */; };
		CB9BB3B829ED68770075F06F /* FirebaseFirestoreSwift in Frameworks */ = {isa = PBXBuildFile; productRef = CB9BB3B729ED68770075F06F /* FirebaseFirestoreSwift */; };
		CB9BB3BA29ED69C90075F06F /* GoogleService-Info.plist in Resources */ = {isa = PBXBuildFile; fileRef = CB9BB3B929ED69C90075F06F /* GoogleService-Info.plist */; };
		CB9BB3BD29ED6B580075F06F /* Item.swift in Sources */ = {isa = PBXBuildFile; fileRef = CB9BB3BC29ED6B580075F06F /* Item.swift */; };
		CB9BB3BF29ED776D0075F06F /* ShoppingListViewModel.swift in Sources */ = {isa = PBXBuildFile; fileRef = CB9BB3BE29ED776D0075F06F /* ShoppingListViewModel.swift */; };
/* End PBXBuildFile section */

/* Begin PBXContainerItemProxy section */
		CB9BB39629ED65830075F06F /* PBXContainerItemProxy */ = {
			isa = PBXContainerItemProxy;
			containerPortal = CB9BB37D29ED65820075F06F /* Project object */;
			proxyType = 1;
			remoteGlobalIDString = CB9BB38429ED65820075F06F;
			remoteInfo = ShoppingList;
		};
		CB9BB3A029ED65830075F06F /* PBXContainerItemProxy */ = {
			isa = PBXContainerItemProxy;
			containerPortal = CB9BB37D29ED65820075F06F /* Project object */;
			proxyType = 1;
			remoteGlobalIDString = CB9BB38429ED65820075F06F;
			remoteInfo = ShoppingList;
		};
/* End PBXContainerItemProxy section */

/* Begin PBXFileReference section */
		CB9BB38529ED65820075F06F /* ShoppingList.app */ = {isa = PBXFileReference; explicitFileType = wrapper.application; includeInIndex = 0; path = ShoppingList.app; sourceTree = BUILT_PRODUCTS_DIR; };
		CB9BB38829ED65820075F06F /* ShoppingListApp.swift */ = {isa = PBXFileReference; lastKnownFileType = sourcecode.swift; path = ShoppingListApp.swift; sourceTree = "<group>"; };
		CB9BB38A29ED65820075F06F /* ContentView.swift */ = {isa = PBXFileReference; lastKnownFileType = sourcecode.swift; path = ContentView.swift; sourceTree = "<group>"; };
		CB9BB38C29ED65830075F06F /* Assets.xcassets */ = {isa = PBXFileReference; lastKnownFileType = folder.assetcatalog; path = Assets.xcassets; sourceTree = "<group>"; };
		CB9BB38F29ED65830075F06F /* Preview Assets.xcassets */ = {isa = PBXFileReference; lastKnownFileType = folder.assetcatalog; path = "Preview Assets.xcassets"; sourceTree = "<group>"; };
		CB9BB39529ED65830075F06F /* ShoppingListTests.xctest */ = {isa = PBXFileReference; explicitFileType = wrapper.cfbundle; includeInIndex = 0; path = ShoppingListTests.xctest; sourceTree = BUILT_PRODUCTS_DIR; };
		CB9BB39929ED65830075F06F /* ShoppingListTests.swift */ = {isa = PBXFileReference; lastKnownFileType = sourcecode.swift; path = ShoppingListTests.swift; sourceTree = "<group>"; };
		CB9BB39F29ED65830075F06F /* ShoppingListUITests.xctest */ = {isa = PBXFileReference; explicitFileType = wrapper.cfbundle; includeInIndex = 0; path = ShoppingListUITests.xctest; sourceTree = BUILT_PRODUCTS_DIR; };
		CB9BB3A329ED65830075F06F /* ShoppingListUITests.swift */ = {isa = PBXFileReference; lastKnownFileType = sourcecode.swift; path = ShoppingListUITests.swift; sourceTree = "<group>"; };
		CB9BB3A529ED65830075F06F /* ShoppingListUITestsLaunchTests.swift */ = {isa = PBXFileReference; lastKnownFileType = sourcecode.swift; path = ShoppingListUITestsLaunchTests.swift; sourceTree = "<group>"; };
		CB9BB3B929ED69C90075F06F /* GoogleService-Info.plist */ = {isa = PBXFileReference; fileEncoding = 4; lastKnownFileType = text.plist.xml; path = "GoogleService-Info.plist"; sourceTree = "<group>"; };
		CB9BB3BC29ED6B580075F06F /* Item.swift */ = {isa = PBXFileReference; lastKnownFileType = sourcecode.swift; path = Item.swift; sourceTree = "<group>"; };
		CB9BB3BE29ED776D0075F06F /* ShoppingListViewModel.swift */ = {isa = PBXFileReference; lastKnownFileType = sourcecode.swift; path = ShoppingListViewModel.swift; sourceTree = "<group>"; };
/* End PBXFileReference section */

/* Begin PBXFrameworksBuildPhase section */
		CB9BB38229ED65820075F06F /* Frameworks */ = {
			isa = PBXFrameworksBuildPhase;
			buildActionMask = 2147483647;
			files = (
				CB9BB3B429ED68770075F06F /* FirebaseAuth in Frameworks */,
				CB9BB3B629ED68770075F06F /* FirebaseFirestore in Frameworks */,
				CB9BB3B829ED68770075F06F /* FirebaseFirestoreSwift in Frameworks */,
			);
			runOnlyForDeploymentPostprocessing = 0;
		};
		CB9BB39229ED65830075F06F /* Frameworks */ = {
			isa = PBXFrameworksBuildPhase;
			buildActionMask = 2147483647;
			files = (
			);
			runOnlyForDeploymentPostprocessing = 0;
		};
		CB9BB39C29ED65830075F06F /* Frameworks */ = {
			isa = PBXFrameworksBuildPhase;
			buildActionMask = 2147483647;
			files = (
			);
			runOnlyForDeploymentPostprocessing = 0;
		};
/* End PBXFrameworksBuildPhase section */

/* Begin PBXGroup section */
		CB9BB37C29ED65820075F06F = {
			isa = PBXGroup;
			children = (
				CB9BB38729ED65820075F06F /* ShoppingList */,
				CB9BB39829ED65830075F06F /* ShoppingListTests */,
				CB9BB3A229ED65830075F06F /* ShoppingListUITests */,
				CB9BB38629ED65820075F06F /* Products */,
			);
			sourceTree = "<group>";
		};
		CB9BB38629ED65820075F06F /* Products */ = {
			isa = PBXGroup;
			children = (
				CB9BB38529ED65820075F06F /* ShoppingList.app */,
				CB9BB39529ED65830075F06F /* ShoppingListTests.xctest */,
				CB9BB39F29ED65830075F06F /* ShoppingListUITests.xctest */,
			);
			name = Products;
			sourceTree = "<group>";
		};
		CB9BB38729ED65820075F06F /* ShoppingList */ = {
			isa = PBXGroup;
			children = (
				CB9BB3BB29ED6B470075F06F /* Model */,
				CB9BB3B929ED69C90075F06F /* GoogleService-Info.plist */,
				CB9BB38829ED65820075F06F /* ShoppingListApp.swift */,
				CB9BB38A29ED65820075F06F /* ContentView.swift */,
				CB9BB38C29ED65830075F06F /* Assets.xcassets */,
				CB9BB38E29ED65830075F06F /* Preview Content */,
				CB9BB3BE29ED776D0075F06F /* ShoppingListViewModel.swift */,
			);
			path = ShoppingList;
			sourceTree = "<group>";
		};
		CB9BB38E29ED65830075F06F /* Preview Content */ = {
			isa = PBXGroup;
			children = (
				CB9BB38F29ED65830075F06F /* Preview Assets.xcassets */,
			);
			path = "Preview Content";
			sourceTree = "<group>";
		};
		CB9BB39829ED65830075F06F /* ShoppingListTests */ = {
			isa = PBXGroup;
			children = (
				CB9BB39929ED65830075F06F /* ShoppingListTests.swift */,
			);
			path = ShoppingListTests;
			sourceTree = "<group>";
		};
		CB9BB3A229ED65830075F06F /* ShoppingListUITests */ = {
			isa = PBXGroup;
			children = (
				CB9BB3A329ED65830075F06F /* ShoppingListUITests.swift */,
				CB9BB3A529ED65830075F06F /* ShoppingListUITestsLaunchTests.swift */,
			);
			path = ShoppingListUITests;
			sourceTree = "<group>";
		};
		CB9BB3BB29ED6B470075F06F /* Model */ = {
			isa = PBXGroup;
			children = (
				CB9BB3BC29ED6B580075F06F /* Item.swift */,
			);
			path = Model;
			sourceTree = "<group>";
		};
/* End PBXGroup section */

/* Begin PBXNativeTarget section */
		CB9BB38429ED65820075F06F /* ShoppingList */ = {
			isa = PBXNativeTarget;
			buildConfigurationList = CB9BB3A929ED65830075F06F /* Build configuration list for PBXNativeTarget "ShoppingList" */;
			buildPhases = (
				CB9BB38129ED65820075F06F /* Sources */,
				CB9BB38229ED65820075F06F /* Frameworks */,
				CB9BB38329ED65820075F06F /* Resources */,
			);
			buildRules = (
			);
			dependencies = (
			);
			name = ShoppingList;
			packageProductDependencies = (
				CB9BB3B329ED68770075F06F /* FirebaseAuth */,
				CB9BB3B529ED68770075F06F /* FirebaseFirestore */,
				CB9BB3B729ED68770075F06F /* FirebaseFirestoreSwift */,
			);
			productName = ShoppingList;
			productReference = CB9BB38529ED65820075F06F /* ShoppingList.app */;
			productType = "com.apple.product-type.application";
		};
		CB9BB39429ED65830075F06F /* ShoppingListTests */ = {
			isa = PBXNativeTarget;
			buildConfigurationList = CB9BB3AC29ED65830075F06F /* Build configuration list for PBXNativeTarget "ShoppingListTests" */;
			buildPhases = (
				CB9BB39129ED65830075F06F /* Sources */,
				CB9BB39229ED65830075F06F /* Frameworks */,
				CB9BB39329ED65830075F06F /* Resources */,
			);
			buildRules = (
			);
			dependencies = (
				CB9BB39729ED65830075F06F /* PBXTargetDependency */,
			);
			name = ShoppingListTests;
			productName = ShoppingListTests;
			productReference = CB9BB39529ED65830075F06F /* ShoppingListTests.xctest */;
			productType = "com.apple.product-type.bundle.unit-test";
		};
		CB9BB39E29ED65830075F06F /* ShoppingListUITests */ = {
			isa = PBXNativeTarget;
			buildConfigurationList = CB9BB3AF29ED65830075F06F /* Build configuration list for PBXNativeTarget "ShoppingListUITests" */;
			buildPhases = (
				CB9BB39B29ED65830075F06F /* Sources */,
				CB9BB39C29ED65830075F06F /* Frameworks */,
				CB9BB39D29ED65830075F06F /* Resources */,
			);
			buildRules = (
			);
			dependencies = (
				CB9BB3A129ED65830075F06F /* PBXTargetDependency */,
			);
			name = ShoppingListUITests;
			productName = ShoppingListUITests;
			productReference = CB9BB39F29ED65830075F06F /* ShoppingListUITests.xctest */;
			productType = "com.apple.product-type.bundle.ui-testing";
		};
/* End PBXNativeTarget section */

/* Begin PBXProject section */
		CB9BB37D29ED65820075F06F /* Project object */ = {
			isa = PBXProject;
			attributes = {
				BuildIndependentTargetsInParallel = 1;
				LastSwiftUpdateCheck = 1420;
				LastUpgradeCheck = 1420;
				TargetAttributes = {
					CB9BB38429ED65820075F06F = {
						CreatedOnToolsVersion = 14.2;
					};
					CB9BB39429ED65830075F06F = {
						CreatedOnToolsVersion = 14.2;
						TestTargetID = CB9BB38429ED65820075F06F;
					};
					CB9BB39E29ED65830075F06F = {
						CreatedOnToolsVersion = 14.2;
						TestTargetID = CB9BB38429ED65820075F06F;
					};
				};
			};
			buildConfigurationList = CB9BB38029ED65820075F06F /* Build configuration list for PBXProject "ShoppingList" */;
			compatibilityVersion = "Xcode 14.0";
			developmentRegion = en;
			hasScannedForEncodings = 0;
			knownRegions = (
				en,
				Base,
			);
			mainGroup = CB9BB37C29ED65820075F06F;
			packageReferences = (
				CB9BB3B229ED68770075F06F /* XCRemoteSwiftPackageReference "firebase-ios-sdk" */,
			);
			productRefGroup = CB9BB38629ED65820075F06F /* Products */;
			projectDirPath = "";
			projectRoot = "";
			targets = (
				CB9BB38429ED65820075F06F /* ShoppingList */,
				CB9BB39429ED65830075F06F /* ShoppingListTests */,
				CB9BB39E29ED65830075F06F /* ShoppingListUITests */,
			);
		};
/* End PBXProject section */

/* Begin PBXResourcesBuildPhase section */
		CB9BB38329ED65820075F06F /* Resources */ = {
			isa = PBXResourcesBuildPhase;
			buildActionMask = 2147483647;
			files = (
				CB9BB39029ED65830075F06F /* Preview Assets.xcassets in Resources */,
				CB9BB38D29ED65830075F06F /* Assets.xcassets in Resources */,
				CB9BB3BA29ED69C90075F06F /* GoogleService-Info.plist in Resources */,
			);
			runOnlyForDeploymentPostprocessing = 0;
		};
		CB9BB39329ED65830075F06F /* Resources */ = {
			isa = PBXResourcesBuildPhase;
			buildActionMask = 2147483647;
			files = (
			);
			runOnlyForDeploymentPostprocessing = 0;
		};
		CB9BB39D29ED65830075F06F /* Resources */ = {
			isa = PBXResourcesBuildPhase;
			buildActionMask = 2147483647;
			files = (
			);
			runOnlyForDeploymentPostprocessing = 0;
		};
/* End PBXResourcesBuildPhase section */

/* Begin PBXSourcesBuildPhase section */
		CB9BB38129ED65820075F06F /* Sources */ = {
			isa = PBXSourcesBuildPhase;
			buildActionMask = 2147483647;
			files = (
				CB9BB38B29ED65820075F06F /* ContentView.swift in Sources */,
				CB9BB3BD29ED6B580075F06F /* Item.swift in Sources */,
				CB9BB3BF29ED776D0075F06F /* ShoppingListViewModel.swift in Sources */,
				CB9BB38929ED65820075F06F /* ShoppingListApp.swift in Sources */,
			);
			runOnlyForDeploymentPostprocessing = 0;
		};
		CB9BB39129ED65830075F06F /* Sources */ = {
			isa = PBXSourcesBuildPhase;
			buildActionMask = 2147483647;
			files = (
				CB9BB39A29ED65830075F06F /* ShoppingListTests.swift in Sources */,
			);
			runOnlyForDeploymentPostprocessing = 0;
		};
		CB9BB39B29ED65830075F06F /* Sources */ = {
			isa = PBXSourcesBuildPhase;
			buildActionMask = 2147483647;
			files = (
				CB9BB3A629ED65830075F06F /* ShoppingListUITestsLaunchTests.swift in Sources */,
				CB9BB3A429ED65830075F06F /* ShoppingListUITests.swift in Sources */,
			);
			runOnlyForDeploymentPostprocessing = 0;
		};
/* End PBXSourcesBuildPhase section */

/* Begin PBXTargetDependency section */
		CB9BB39729ED65830075F06F /* PBXTargetDependency */ = {
			isa = PBXTargetDependency;
			target = CB9BB38429ED65820075F06F /* ShoppingList */;
			targetProxy = CB9BB39629ED65830075F06F /* PBXContainerItemProxy */;
		};
		CB9BB3A129ED65830075F06F /* PBXTargetDependency */ = {
			isa = PBXTargetDependency;
			target = CB9BB38429ED65820075F06F /* ShoppingList */;
			targetProxy = CB9BB3A029ED65830075F06F /* PBXContainerItemProxy */;
		};
/* End PBXTargetDependency section */

/* Begin XCBuildConfiguration section */
		CB9BB3A729ED65830075F06F /* Debug */ = {
			isa = XCBuildConfiguration;
			buildSettings = {
				ALWAYS_SEARCH_USER_PATHS = NO;
				CLANG_ANALYZER_NONNULL = YES;
				CLANG_ANALYZER_NUMBER_OBJECT_CONVERSION = YES_AGGRESSIVE;
				CLANG_CXX_LANGUAGE_STANDARD = "gnu++20";
				CLANG_ENABLE_MODULES = YES;
				CLANG_ENABLE_OBJC_ARC = YES;
				CLANG_ENABLE_OBJC_WEAK = YES;
				CLANG_WARN_BLOCK_CAPTURE_AUTORELEASING = YES;
				CLANG_WARN_BOOL_CONVERSION = YES;
				CLANG_WARN_COMMA = YES;
				CLANG_WARN_CONSTANT_CONVERSION = YES;
				CLANG_WARN_DEPRECATED_OBJC_IMPLEMENTATIONS = YES;
				CLANG_WARN_DIRECT_OBJC_ISA_USAGE = YES_ERROR;
				CLANG_WARN_DOCUMENTATION_COMMENTS = YES;
				CLANG_WARN_EMPTY_BODY = YES;
				CLANG_WARN_ENUM_CONVERSION = YES;
				CLANG_WARN_INFINITE_RECURSION = YES;
				CLANG_WARN_INT_CONVERSION = YES;
				CLANG_WARN_NON_LITERAL_NULL_CONVERSION = YES;
				CLANG_WARN_OBJC_IMPLICIT_RETAIN_SELF = YES;
				CLANG_WARN_OBJC_LITERAL_CONVERSION = YES;
				CLANG_WARN_OBJC_ROOT_CLASS = YES_ERROR;
				CLANG_WARN_QUOTED_INCLUDE_IN_FRAMEWORK_HEADER = YES;
				CLANG_WARN_RANGE_LOOP_ANALYSIS = YES;
				CLANG_WARN_STRICT_PROTOTYPES = YES;
				CLANG_WARN_SUSPICIOUS_MOVE = YES;
				CLANG_WARN_UNGUARDED_AVAILABILITY = YES_AGGRESSIVE;
				CLANG_WARN_UNREACHABLE_CODE = YES;
				CLANG_WARN__DUPLICATE_METHOD_MATCH = YES;
				COPY_PHASE_STRIP = NO;
				DEBUG_INFORMATION_FORMAT = dwarf;
				ENABLE_STRICT_OBJC_MSGSEND = YES;
				ENABLE_TESTABILITY = YES;
				GCC_C_LANGUAGE_STANDARD = gnu11;
				GCC_DYNAMIC_NO_PIC = NO;
				GCC_NO_COMMON_BLOCKS = YES;
				GCC_OPTIMIZATION_LEVEL = 0;
				GCC_PREPROCESSOR_DEFINITIONS = (
					"DEBUG=1",
					"$(inherited)",
				);
				GCC_WARN_64_TO_32_BIT_CONVERSION = YES;
				GCC_WARN_ABOUT_RETURN_TYPE = YES_ERROR;
				GCC_WARN_UNDECLARED_SELECTOR = YES;
				GCC_WARN_UNINITIALIZED_AUTOS = YES_AGGRESSIVE;
				GCC_WARN_UNUSED_FUNCTION = YES;
				GCC_WARN_UNUSED_VARIABLE = YES;
				IPHONEOS_DEPLOYMENT_TARGET = 16.2;
				MTL_ENABLE_DEBUG_INFO = INCLUDE_SOURCE;
				MTL_FAST_MATH = YES;
				ONLY_ACTIVE_ARCH = YES;
				SDKROOT = iphoneos;
				SWIFT_ACTIVE_COMPILATION_CONDITIONS = DEBUG;
				SWIFT_OPTIMIZATION_LEVEL = "-Onone";
			};
			name = Debug;
		};
		CB9BB3A829ED65830075F06F /* Release */ = {
			isa = XCBuildConfiguration;
			buildSettings = {
				ALWAYS_SEARCH_USER_PATHS = NO;
				CLANG_ANALYZER_NONNULL = YES;
				CLANG_ANALYZER_NUMBER_OBJECT_CONVERSION = YES_AGGRESSIVE;
				CLANG_CXX_LANGUAGE_STANDARD = "gnu++20";
				CLANG_ENABLE_MODULES = YES;
				CLANG_ENABLE_OBJC_ARC = YES;
				CLANG_ENABLE_OBJC_WEAK = YES;
				CLANG_WARN_BLOCK_CAPTURE_AUTORELEASING = YES;
				CLANG_WARN_BOOL_CONVERSION = YES;
				CLANG_WARN_COMMA = YES;
				CLANG_WARN_CONSTANT_CONVERSION = YES;
				CLANG_WARN_DEPRECATED_OBJC_IMPLEMENTATIONS = YES;
				CLANG_WARN_DIRECT_OBJC_ISA_USAGE = YES_ERROR;
				CLANG_WARN_DOCUMENTATION_COMMENTS = YES;
				CLANG_WARN_EMPTY_BODY = YES;
				CLANG_WARN_ENUM_CONVERSION = YES;
				CLANG_WARN_INFINITE_RECURSION = YES;
				CLANG_WARN_INT_CONVERSION = YES;
				CLANG_WARN_NON_LITERAL_NULL_CONVERSION = YES;
				CLANG_WARN_OBJC_IMPLICIT_RETAIN_SELF = YES;
				CLANG_WARN_OBJC_LITERAL_CONVERSION = YES;
				CLANG_WARN_OBJC_ROOT_CLASS = YES_ERROR;
				CLANG_WARN_QUOTED_INCLUDE_IN_FRAMEWORK_HEADER = YES;
				CLANG_WARN_RANGE_LOOP_ANALYSIS = YES;
				CLANG_WARN_STRICT_PROTOTYPES = YES;
				CLANG_WARN_SUSPICIOUS_MOVE = YES;
				CLANG_WARN_UNGUARDED_AVAILABILITY = YES_AGGRESSIVE;
				CLANG_WARN_UNREACHABLE_CODE = YES;
				CLANG_WARN__DUPLICATE_METHOD_MATCH = YES;
				COPY_PHASE_STRIP = NO;
				DEBUG_INFORMATION_FORMAT = "dwarf-with-dsym";
				ENABLE_NS_ASSERTIONS = NO;
				ENABLE_STRICT_OBJC_MSGSEND = YES;
				GCC_C_LANGUAGE_STANDARD = gnu11;
				GCC_NO_COMMON_BLOCKS = YES;
				GCC_WARN_64_TO_32_BIT_CONVERSION = YES;
				GCC_WARN_ABOUT_RETURN_TYPE = YES_ERROR;
				GCC_WARN_UNDECLARED_SELECTOR = YES;
				GCC_WARN_UNINITIALIZED_AUTOS = YES_AGGRESSIVE;
				GCC_WARN_UNUSED_FUNCTION = YES;
				GCC_WARN_UNUSED_VARIABLE = YES;
				IPHONEOS_DEPLOYMENT_TARGET = 16.2;
				MTL_ENABLE_DEBUG_INFO = NO;
				MTL_FAST_MATH = YES;
				SDKROOT = iphoneos;
				SWIFT_COMPILATION_MODE = wholemodule;
				SWIFT_OPTIMIZATION_LEVEL = "-O";
				VALIDATE_PRODUCT = YES;
			};
			name = Release;
		};
		CB9BB3AA29ED65830075F06F /* Debug */ = {
			isa = XCBuildConfiguration;
			buildSettings = {
				ASSETCATALOG_COMPILER_APPICON_NAME = AppIcon;
				ASSETCATALOG_COMPILER_GLOBAL_ACCENT_COLOR_NAME = AccentColor;
				CODE_SIGN_STYLE = Automatic;
				CURRENT_PROJECT_VERSION = 1;
				DEVELOPMENT_ASSET_PATHS = "\"ShoppingList/Preview Content\"";
				DEVELOPMENT_TEAM = 5A8L7XTFM2;
				ENABLE_PREVIEWS = YES;
				GENERATE_INFOPLIST_FILE = YES;
				INFOPLIST_KEY_UIApplicationSceneManifest_Generation = YES;
				INFOPLIST_KEY_UIApplicationSupportsIndirectInputEvents = YES;
				INFOPLIST_KEY_UILaunchScreen_Generation = YES;
				INFOPLIST_KEY_UISupportedInterfaceOrientations_iPad = "UIInterfaceOrientationPortrait UIInterfaceOrientationPortraitUpsideDown UIInterfaceOrientationLandscapeLeft UIInterfaceOrientationLandscapeRight";
				INFOPLIST_KEY_UISupportedInterfaceOrientations_iPhone = "UIInterfaceOrientationPortrait UIInterfaceOrientationLandscapeLeft UIInterfaceOrientationLandscapeRight";
				LD_RUNPATH_SEARCH_PATHS = (
					"$(inherited)",
					"@executable_path/Frameworks",
				);
				MARKETING_VERSION = 1.0;
				PRODUCT_BUNDLE_IDENTIFIER = com.example.ShoppingList;
				PRODUCT_NAME = "$(TARGET_NAME)";
				SWIFT_EMIT_LOC_STRINGS = YES;
				SWIFT_VERSION = 5.0;
				TARGETED_DEVICE_FAMILY = "1,2";
			};
			name = Debug;
		};
		CB9BB3AB29ED65830075F06F /* Release */ = {
			isa = XCBuildConfiguration;
			buildSettings = {
				ASSETCATALOG_COMPILER_APPICON_NAME = AppIcon;
				ASSETCATALOG_COMPILER_GLOBAL_ACCENT_COLOR_NAME = AccentColor;
				CODE_SIGN_STYLE = Automatic;
				CURRENT_PROJECT_VERSION = 1;
				DEVELOPMENT_ASSET_PATHS = "\"ShoppingList/Preview Content\"";
				DEVELOPMENT_TEAM = 5A8L7XTFM2;
				ENABLE_PREVIEWS = YES;
				GENERATE_INFOPLIST_FILE = YES;
				INFOPLIST_KEY_UIApplicationSceneManifest_Generation = YES;
				INFOPLIST_KEY_UIApplicationSupportsIndirectInputEvents = YES;
				INFOPLIST_KEY_UILaunchScreen_Generation = YES;
				INFOPLIST_KEY_UISupportedInterfaceOrientations_iPad = "UIInterfaceOrientationPortrait UIInterfaceOrientationPortraitUpsideDown UIInterfaceOrientationLandscapeLeft UIInterfaceOrientationLandscapeRight";
				INFOPLIST_KEY_UISupportedInterfaceOrientations_iPhone = "UIInterfaceOrientationPortrait UIInterfaceOrientationLandscapeLeft UIInterfaceOrientationLandscapeRight";
				LD_RUNPATH_SEARCH_PATHS = (
					"$(inherited)",
					"@executable_path/Frameworks",
				);
				MARKETING_VERSION = 1.0;
				PRODUCT_BUNDLE_IDENTIFIER = com.example.ShoppingList;
				PRODUCT_NAME = "$(TARGET_NAME)";
				SWIFT_EMIT_LOC_STRINGS = YES;
				SWIFT_VERSION = 5.0;
				TARGETED_DEVICE_FAMILY = "1,2";
			};
			name = Release;
		};
		CB9BB3AD29ED65830075F06F /* Debug */ = {
			isa = XCBuildConfiguration;
			buildSettings = {
				ALWAYS_EMBED_SWIFT_STANDARD_LIBRARIES = YES;
				BUNDLE_LOADER = "$(TEST_HOST)";
				CODE_SIGN_STYLE = Automatic;
				CURRENT_PROJECT_VERSION = 1;
				DEVELOPMENT_TEAM = 5A8L7XTFM2;
				GENERATE_INFOPLIST_FILE = YES;
				IPHONEOS_DEPLOYMENT_TARGET = 16.2;
				MARKETING_VERSION = 1.0;
				PRODUCT_BUNDLE_IDENTIFIER = com.example.ShoppingListTests;
				PRODUCT_NAME = "$(TARGET_NAME)";
				SWIFT_EMIT_LOC_STRINGS = NO;
				SWIFT_VERSION = 5.0;
				TARGETED_DEVICE_FAMILY = "1,2";
				TEST_HOST = "$(BUILT_PRODUCTS_DIR)/ShoppingList.app/$(BUNDLE_EXECUTABLE_FOLDER_PATH)/ShoppingList";
			};
			name = Debug;
		};
		CB9BB3AE29ED65830075F06F /* Release */ = {
			isa = XCBuildConfiguration;
			buildSettings = {
				ALWAYS_EMBED_SWIFT_STANDARD_LIBRARIES = YES;
				BUNDLE_LOADER = "$(TEST_HOST)";
				CODE_SIGN_STYLE = Automatic;
				CURRENT_PROJECT_VERSION = 1;
				DEVELOPMENT_TEAM = 5A8L7XTFM2;
				GENERATE_INFOPLIST_FILE = YES;
				IPHONEOS_DEPLOYMENT_TARGET = 16.2;
				MARKETING_VERSION = 1.0;
				PRODUCT_BUNDLE_IDENTIFIER = com.example.ShoppingListTests;
				PRODUCT_NAME = "$(TARGET_NAME)";
				SWIFT_EMIT_LOC_STRINGS = NO;
				SWIFT_VERSION = 5.0;
				TARGETED_DEVICE_FAMILY = "1,2";
				TEST_HOST = "$(BUILT_PRODUCTS_DIR)/ShoppingList.app/$(BUNDLE_EXECUTABLE_FOLDER_PATH)/ShoppingList";
			};
			name = Release;
		};
		CB9BB3B029ED65830075F06F /* Debug */ = {
			isa = XCBuildConfiguration;
			buildSettings = {
				ALWAYS_EMBED_SWIFT_STANDARD_LIBRARIES = YES;
				CODE_SIGN_STYLE = Automatic;
				CURRENT_PROJECT_VERSION = 1;
				DEVELOPMENT_TEAM = 5A8L7XTFM2;
				GENERATE_INFOPLIST_FILE = YES;
				MARKETING_VERSION = 1.0;
				PRODUCT_BUNDLE_IDENTIFIER = com.example.ShoppingListUITests;
				PRODUCT_NAME = "$(TARGET_NAME)";
				SWIFT_EMIT_LOC_STRINGS = NO;
				SWIFT_VERSION = 5.0;
				TARGETED_DEVICE_FAMILY = "1,2";
				TEST_TARGET_NAME = ShoppingList;
			};
			name = Debug;
		};
		CB9BB3B129ED65830075F06F /* Release */ = {
			isa = XCBuildConfiguration;
			buildSettings = {
				ALWAYS_EMBED_SWIFT_STANDARD_LIBRARIES = YES;
				CODE_SIGN_STYLE = Automatic;
				CURRENT_PROJECT_VERSION = 1;
				DEVELOPMENT_TEAM = 5A8L7XTFM2;
				GENERATE_INFOPLIST_FILE = YES;
				MARKETING_VERSION = 1.0;
				PRODUCT_BUNDLE_IDENTIFIER = com.example.ShoppingListUITests;
				PRODUCT_NAME = "$(TARGET_NAME)";
				SWIFT_EMIT_LOC_STRINGS = NO;
				SWIFT_VERSION = 5.0;
				TARGETED_DEVICE_FAMILY = "1,2";
				TEST_TARGET_NAME = ShoppingList;
			};
			name = Release;
		};
/* End XCBuildConfiguration section */

/* Begin XCConfigurationList section */
		CB9BB38029ED65820075F06F /* Build configuration list for PBXProject "ShoppingList" */ = {
			isa = XCConfigurationList;
			buildConfigurations = (
				CB9BB3A729ED65830075F06F /* Debug */,
				CB9BB3A829ED65830075F06F /* Release */,
			);
			defaultConfigurationIsVisible = 0;
			defaultConfigurationName = Release;
		};
		CB9BB3A929ED65830075F06F /* Build configuration list for PBXNativeTarget "ShoppingList" */ = {
			isa = XCConfigurationList;
			buildConfigurations = (
				CB9BB3AA29ED65830075F06F /* Debug */,
				CB9BB3AB29ED65830075F06F /* Release */,
			);
			defaultConfigurationIsVisible = 0;
			defaultConfigurationName = Release;
		};
		CB9BB3AC29ED65830075F06F /* Build configuration list for PBXNativeTarget "ShoppingListTests" */ = {
			isa = XCConfigurationList;
			buildConfigurations = (
				CB9BB3AD29ED65830075F06F /* Debug */,
				CB9BB3AE29ED65830075F06F /* Release */,
			);
			defaultConfigurationIsVisible = 0;
			defaultConfigurationName = Release;
		};
		CB9BB3AF29ED65830075F06F /* Build configuration list for PBXNativeTarget "ShoppingListUITests" */ = {
			isa = XCConfigurationList;
			buildConfigurations = (
				CB9BB3B029ED65830075F06F /* Debug */,
				CB9BB3B129ED65830075F06F /* Release */,
			);
			defaultConfigurationIsVisible = 0;
			defaultConfigurationName = Release;
		};
/* End XCConfigurationList section */

/* Begin XCRemoteSwiftPackageReference section */
		CB9BB3B229ED68770075F06F /* XCRemoteSwiftPackageReference "firebase-ios-sdk" */ = {
			isa = XCRemoteSwiftPackageReference;
			repositoryURL = "https://github.com/firebase/firebase-ios-sdk";
			requirement = {
				kind = upToNextMajorVersion;
				minimumVersion = 10.0.0;
			};
		};
/* End XCRemoteSwiftPackageReference section */

/* Begin XCSwiftPackageProductDependency section */
		CB9BB3B329ED68770075F06F /* FirebaseAuth */ = {
			isa = XCSwiftPackageProductDependency;
			package = CB9BB3B229ED68770075F06F /* XCRemoteSwiftPackageReference "firebase-ios-sdk" */;
			productName = FirebaseAuth;
		};
		CB9BB3B529ED68770075F06F /* FirebaseFirestore */ = {
			isa = XCSwiftPackageProductDependency;
			package = CB9BB3B229ED68770075F06F /* XCRemoteSwiftPackageReference "firebase-ios-sdk" */;
			productName = FirebaseFirestore;
		};
		CB9BB3B729ED68770075F06F /* FirebaseFirestoreSwift */ = {
			isa = XCSwiftPackageProductDependency;
			package = CB9BB3B229ED68770075F06F /* XCRemoteSwiftPackageReference "firebase-ios-sdk" */;
			productName = FirebaseFirestoreSwift;
		};
/* End XCSwiftPackageProductDependency section */
	};
	rootObject = CB9BB37D29ED65820075F06F /* Project object */;
}
